PODS:
  - Flutter (1.0.0)
  - Tribally (0.3.0)
  - tribally_sdk (0.0.1):
    - Flutter
    - Tribally

DEPENDENCIES:
  - Flutter (from `Flutter`)
  - tribally_sdk (from `.symlinks/plugins/tribally_sdk/ios`)

SPEC REPOS:
  trunk:
    - Tribally

EXTERNAL SOURCES:
  Flutter:
    :path: Flutter
  tribally_sdk:
    :path: ".symlinks/plugins/tribally_sdk/ios"

SPEC CHECKSUMS:
  Flutter: 50d75fe2f02b26cc09d224853bb45737f8b3214a
  Tribally: 016b66758d212117ddf613b4d06a32621bc1b5bc
  tribally_sdk: eb6842da713415098b233468cde48e57e540e6f5

PODFILE CHECKSUM: aafe91acc616949ddb318b77800a7f51bffa2a4c

COCOAPODS: 1.11.2
